{
    "name": "se.world",
    "version": "1.0.0",
    "lockfileVersion": 2,
    "requires": true,
    "packages": {
        "": {
            "name": "se.world",
            "version": "1.0.0",
            "dependencies": {
                "nocache": "^3.0.1"
            }
        },
        "node_modules/nocache": {
            "version": "3.0.1",
            "resolved": "https://registry.npmjs.org/nocache/-/nocache-3.0.1.tgz",
            "integrity": "sha512-Gh39xwJwBKy0OvFmWfBs/vDO4Nl7JhnJtkqNP76OUinQz7BiMoszHYrIDHHAaqVl/QKVxCEy4ZxC/XZninu7nQ==",
            "engines": {
                "node": ">=12.0.0"
            }
        }
    },
    "dependencies": {
        "nocache": {
            "version": "3.0.1",
            "resolved": "https://registry.npmjs.org/nocache/-/nocache-3.0.1.tgz",
            "integrity": "sha512-Gh39xwJwBKy0OvFmWfBs/vDO4Nl7JhnJtkqNP76OUinQz7BiMoszHYrIDHHAaqVl/QKVxCEy4ZxC/XZninu7nQ=="
        }
    }
}
